
Microsoft Visual Studio Solution File, Format Version 12.00
Project("{FAE04EC0-301F-11D3-BF4B-00C04F79EFBC}") = "CS_Cypher_Example", "CS_Cypher_Example\CS_Cypher_Example.csproj", "{BEF8EFC2-9FFC-459C-B337-3ACBFB7C20C7}"
EndProject
Global
	GlobalSection(SolutionConfigurationPlatforms) = preSolution
		Debug|Any CPU = Debug|Any CPU
		Release|Any CPU = Release|Any CPU
	EndGlobalSection
	GlobalSection(ProjectConfigurationPlatforms) = postSolution
		{BEF8EFC2-9FFC-459C-B337-3ACBFB7C20C7}.Debug|Any CPU.ActiveCfg = Debug|Any CPU
		{BEF8EFC2-9FFC-459C-B337-3ACBFB7C20C7}.Debug|Any CPU.Build.0 = Debug|Any CPU
		{BEF8EFC2-9FFC-459C-B337-3ACBFB7C20C7}.Release|Any CPU.ActiveCfg = Release|Any CPU
		{BEF8EFC2-9FFC-459C-B337-3ACBFB7C20C7}.Release|Any CPU.Build.0 = Release|Any CPU
	EndGlobalSection
EndGlobal
